PODS:
  - Kiwi (2.3.0)
  - SnoozeLocalNotification (0.2.0)

DEPENDENCIES:
  - Kiwi
  - SnoozeLocalNotification (from `../`)

EXTERNAL SOURCES:
  SnoozeLocalNotification:
    :path: ../

SPEC CHECKSUMS:
  Kiwi: 54bece5b35564d9b8e03c608d926f1a22fcfc589
  SnoozeLocalNotification: af1d2ef1d1af2cb5e65477958bf01a4b3f49e9f8

COCOAPODS: 0.34.2
